
Microsoft Visual Studio Solution File, Format Version 12.00
# Visual Studio Version 16
VisualStudioVersion = 16.0.30330.147
MinimumVisualStudioVersion = 10.0.40219.1
Project("{FAE04EC0-301F-11D3-BF4B-00C04F79EFBC}") = "VGPicker", "VGPicker\VGPicker.csproj", "{653900B0-F4D8-46C5-A680-3C4E0AEDBEA3}"
EndProject
Project("{FAE04EC0-301F-11D3-BF4B-00C04F79EFBC}") = "VGPicker.BizLogic", "VGPicker.BizLogic\VGPicker.BizLogic.csproj", "{6F873EA5-672B-4622-A9CF-EFDB7193044C}"
EndProject
Global
	GlobalSection(SolutionConfigurationPlatforms) = preSolution
		Debug|Any CPU = Debug|Any CPU
		Release|Any CPU = Release|Any CPU
	EndGlobalSection
	GlobalSection(ProjectConfigurationPlatforms) = postSolution
		{653900B0-F4D8-46C5-A680-3C4E0AEDBEA3}.Debug|Any CPU.ActiveCfg = Debug|Any CPU
		{653900B0-F4D8-46C5-A680-3C4E0AEDBEA3}.Debug|Any CPU.Build.0 = Debug|Any CPU
		{653900B0-F4D8-46C5-A680-3C4E0AEDBEA3}.Release|Any CPU.ActiveCfg = Release|Any CPU
		{653900B0-F4D8-46C5-A680-3C4E0AEDBEA3}.Release|Any CPU.Build.0 = Release|Any CPU
		{6F873EA5-672B-4622-A9CF-EFDB7193044C}.Debug|Any CPU.ActiveCfg = Debug|Any CPU
		{6F873EA5-672B-4622-A9CF-EFDB7193044C}.Debug|Any CPU.Build.0 = Debug|Any CPU
		{6F873EA5-672B-4622-A9CF-EFDB7193044C}.Release|Any CPU.ActiveCfg = Release|Any CPU
		{6F873EA5-672B-4622-A9CF-EFDB7193044C}.Release|Any CPU.Build.0 = Release|Any CPU
	EndGlobalSection
	GlobalSection(SolutionProperties) = preSolution
		HideSolutionNode = FALSE
	EndGlobalSection
	GlobalSection(ExtensibilityGlobals) = postSolution
		SolutionGuid = {6658DF85-C5F0-43D2-B0D0-984C7F078FEC}
	EndGlobalSection
EndGlobal
